
Microsoft Visual Studio Solution File, Format Version 12.00
# Visual Studio Version 17
VisualStudioVersion = 17.3.32804.467
MinimumVisualStudioVersion = 10.0.40219.1
Project("{9A19103F-16F7-4668-BE54-9A1E7A4F7556}") = "TodoApi", "example\TodoApi\TodoApi.csproj", "{5E182EA5-F050-49E6-85C4-B8567CBBBBF5}"
EndProject
Project("{9A19103F-16F7-4668-BE54-9A1E7A4F7556}") = "GenericMinimalApi", "lib\GenericMinimalApi\GenericMinimalApi.csproj", "{B1F48AB2-ACA9-45BE-901E-D8AE28B10085}"
EndProject
Global
	GlobalSection(SolutionConfigurationPlatforms) = preSolution
		Debug|Any CPU = Debug|Any CPU
		Release|Any CPU = Release|Any CPU
	EndGlobalSection
	GlobalSection(ProjectConfigurationPlatforms) = postSolution
		{5E182EA5-F050-49E6-85C4-B8567CBBBBF5}.Debug|Any CPU.ActiveCfg = Debug|Any CPU
		{5E182EA5-F050-49E6-85C4-B8567CBBBBF5}.Debug|Any CPU.Build.0 = Debug|Any CPU
		{5E182EA5-F050-49E6-85C4-B8567CBBBBF5}.Release|Any CPU.ActiveCfg = Release|Any CPU
		{5E182EA5-F050-49E6-85C4-B8567CBBBBF5}.Release|Any CPU.Build.0 = Release|Any CPU
		{B1F48AB2-ACA9-45BE-901E-D8AE28B10085}.Debug|Any CPU.ActiveCfg = Debug|Any CPU
		{B1F48AB2-ACA9-45BE-901E-D8AE28B10085}.Debug|Any CPU.Build.0 = Debug|Any CPU
		{B1F48AB2-ACA9-45BE-901E-D8AE28B10085}.Release|Any CPU.ActiveCfg = Release|Any CPU
		{B1F48AB2-ACA9-45BE-901E-D8AE28B10085}.Release|Any CPU.Build.0 = Release|Any CPU
	EndGlobalSection
	GlobalSection(SolutionProperties) = preSolution
		HideSolutionNode = FALSE
	EndGlobalSection
	GlobalSection(ExtensibilityGlobals) = postSolution
		SolutionGuid = {08AE06DA-8334-4051-AD8E-BB04F6EFE8EC}
	EndGlobalSection
EndGlobal
